// !$*UTF8*$!
{
	archiveVersion = 1;
	classes = {
	};
	objectVersion = 51;
	objects = {

/* Begin PBXBuildFile section */
		9B2CB6332691F4E4005E0C8A /* AppDelegate.swift in Sources */ = {isa = PBXBuildFile; fileRef = 9B2CB6322691F4E4005E0C8A /* AppDelegate.swift */; };
		9B2CB6352691F4E4005E0C8A /* SceneDelegate.swift in Sources */ = {isa = PBXBuildFile; fileRef = 9B2CB6342691F4E4005E0C8A /* SceneDelegate.swift */; };
		9B2CB6372691F4E4005E0C8A /* ViewController.swift in Sources */ = {isa = PBXBuildFile; fileRef = 9B2CB6362691F4E4005E0C8A /* ViewController.swift */; };
		9B2CB63A2691F4E4005E0C8A /* Main.storyboard in Resources */ = {isa = PBXBuildFile; fileRef = 9B2CB6382691F4E4005E0C8A /* Main.storyboard */; };
		9B2CB63C2691F4E5005E0C8A /* Assets.xcassets in Resources */ = {isa = PBXBuildFile; fileRef = 9B2CB63B2691F4E5005E0C8A /* Assets.xcassets */; };
		9B2CB63F2691F4E5005E0C8A /* LaunchScreen.storyboard in Resources */ = {isa = PBXBuildFile; fileRef = 9B2CB63D2691F4E5005E0C8A /* LaunchScreen.storyboard */; };
		9B2CB64A2691F4E6005E0C8A /* ArcBlockTimelineTests.swift in Sources */ = {isa = PBXBuildFile; fileRef = 9B2CB6492691F4E6005E0C8A /* ArcBlockTimelineTests.swift */; };
		9B2CB6552691F4E6005E0C8A /* ArcBlockTimelineUITests.swift in Sources */ = {isa = PBXBuildFile; fileRef = 9B2CB6542691F4E6005E0C8A /* ArcBlockTimelineUITests.swift */; };
		9B2CB67B2692A4FF005E0C8A /* JsonData.json in Resources */ = {isa = PBXBuildFile; fileRef = 9B2CB67A2692A4FF005E0C8A /* JsonData.json */; };
		9B2CB67D2692A806005E0C8A /* ABConvertJSON.swift in Sources */ = {isa = PBXBuildFile; fileRef = 9B2CB67C2692A806005E0C8A /* ABConvertJSON.swift */; };
		9B2CB6852692B113005E0C8A /* BaseModel.swift in Sources */ = {isa = PBXBuildFile; fileRef = 9B2CB6842692B113005E0C8A /* BaseModel.swift */; };
		9B2CB6932692B136005E0C8A /* ABHomeModel.swift in Sources */ = {isa = PBXBuildFile; fileRef = 9B2CB6902692B136005E0C8A /* ABHomeModel.swift */; };
		CCBF6B45EF5D8665E6265631 /* Pods_ArcBlockTimeline.framework in Frameworks */ = {isa = PBXBuildFile; fileRef = A9672D06BE1F0CA766006B5C /* Pods_ArcBlockTimeline.framework */; };
/* End PBXBuildFile section */

/* Begin PBXContainerItemProxy section */
		9B2CB6462691F4E6005E0C8A /* PBXContainerItemProxy */ = {
			isa = PBXContainerItemProxy;
			containerPortal = 9B2CB6272691F4E4005E0C8A /* Project object */;
			proxyType = 1;
			remoteGlobalIDString = 9B2CB62E2691F4E4005E0C8A;
			remoteInfo = ArcBlockTimeline;
		};
		9B2CB6512691F4E6005E0C8A /* PBXContainerItemProxy */ = {
			isa = PBXContainerItemProxy;
			containerPortal = 9B2CB6272691F4E4005E0C8A /* Project object */;
			proxyType = 1;
			remoteGlobalIDString = 9B2CB62E2691F4E4005E0C8A;
			remoteInfo = ArcBlockTimeline;
		};
/* End PBXContainerItemProxy section */

/* Begin PBXFileReference section */
		56C9029A75B35ED52E6F329A /* Pods-ArcBlockTimeline.debug.xcconfig */ = {isa = PBXFileReference; includeInIndex = 1; lastKnownFileType = text.xcconfig; name = "Pods-ArcBlockTimeline.debug.xcconfig"; path = "Target Support Files/Pods-ArcBlockTimeline/Pods-ArcBlockTimeline.debug.xcconfig"; sourceTree = "<group>"; };
		640EB53C37C4EE4ABE559C9A /* Pods-ArcBlockTimeline.release.xcconfig */ = {isa = PBXFileReference; includeInIndex = 1; lastKnownFileType = text.xcconfig; name = "Pods-ArcBlockTimeline.release.xcconfig"; path = "Target Support Files/Pods-ArcBlockTimeline/Pods-ArcBlockTimeline.release.xcconfig"; sourceTree = "<group>"; };
		9B2CB62F2691F4E4005E0C8A /* ArcBlockTimeline.app */ = {isa = PBXFileReference; explicitFileType = wrapper.application; includeInIndex = 0; path = ArcBlockTimeline.app; sourceTree = BUILT_PRODUCTS_DIR; };
		9B2CB6322691F4E4005E0C8A /* AppDelegate.swift */ = {isa = PBXFileReference; lastKnownFileType = sourcecode.swift; path = AppDelegate.swift; sourceTree = "<group>"; };
		9B2CB6342691F4E4005E0C8A /* SceneDelegate.swift */ = {isa = PBXFileReference; lastKnownFileType = sourcecode.swift; path = SceneDelegate.swift; sourceTree = "<group>"; };
		9B2CB6362691F4E4005E0C8A /* ViewController.swift */ = {isa = PBXFileReference; lastKnownFileType = sourcecode.swift; path = ViewController.swift; sourceTree = "<group>"; };
		9B2CB6392691F4E4005E0C8A /* Base */ = {isa = PBXFileReference; lastKnownFileType = file.storyboard; name = Base; path = Base.lproj/Main.storyboard; sourceTree = "<group>"; };
		9B2CB63B2691F4E5005E0C8A /* Assets.xcassets */ = {isa = PBXFileReference; lastKnownFileType = folder.assetcatalog; path = Assets.xcassets; sourceTree = "<group>"; };
		9B2CB63E2691F4E5005E0C8A /* Base */ = {isa = PBXFileReference; lastKnownFileType = file.storyboard; name = Base; path = Base.lproj/LaunchScreen.storyboard; sourceTree = "<group>"; };
		9B2CB6402691F4E5005E0C8A /* Info.plist */ = {isa = PBXFileReference; lastKnownFileType = text.plist.xml; path = Info.plist; sourceTree = "<group>"; };
		9B2CB6452691F4E6005E0C8A /* ArcBlockTimelineTests.xctest */ = {isa = PBXFileReference; explicitFileType = wrapper.cfbundle; includeInIndex = 0; path = ArcBlockTimelineTests.xctest; sourceTree = BUILT_PRODUCTS_DIR; };
		9B2CB6492691F4E6005E0C8A /* ArcBlockTimelineTests.swift */ = {isa = PBXFileReference; lastKnownFileType = sourcecode.swift; path = ArcBlockTimelineTests.swift; sourceTree = "<group>"; };
		9B2CB64B2691F4E6005E0C8A /* Info.plist */ = {isa = PBXFileReference; lastKnownFileType = text.plist.xml; path = Info.plist; sourceTree = "<group>"; };
		9B2CB6502691F4E6005E0C8A /* ArcBlockTimelineUITests.xctest */ = {isa = PBXFileReference; explicitFileType = wrapper.cfbundle; includeInIndex = 0; path = ArcBlockTimelineUITests.xctest; sourceTree = BUILT_PRODUCTS_DIR; };
		9B2CB6542691F4E6005E0C8A /* ArcBlockTimelineUITests.swift */ = {isa = PBXFileReference; lastKnownFileType = sourcecode.swift; path = ArcBlockTimelineUITests.swift; sourceTree = "<group>"; };
		9B2CB6562691F4E6005E0C8A /* Info.plist */ = {isa = PBXFileReference; lastKnownFileType = text.plist.xml; path = Info.plist; sourceTree = "<group>"; };
		9B2CB67A2692A4FF005E0C8A /* JsonData.json */ = {isa = PBXFileReference; lastKnownFileType = text.json; path = JsonData.json; sourceTree = "<group>"; };
		9B2CB67C2692A806005E0C8A /* ABConvertJSON.swift */ = {isa = PBXFileReference; lastKnownFileType = sourcecode.swift; path = ABConvertJSON.swift; sourceTree = "<group>"; };
		9B2CB6842692B113005E0C8A /* BaseModel.swift */ = {isa = PBXFileReference; fileEncoding = 4; lastKnownFileType = sourcecode.swift; path = BaseModel.swift; sourceTree = "<group>"; };
		9B2CB6902692B136005E0C8A /* ABHomeModel.swift */ = {isa = PBXFileReference; fileEncoding = 4; lastKnownFileType = sourcecode.swift; path = ABHomeModel.swift; sourceTree = "<group>"; };
		A9672D06BE1F0CA766006B5C /* Pods_ArcBlockTimeline.framework */ = {isa = PBXFileReference; explicitFileType = wrapper.framework; includeInIndex = 0; path = Pods_ArcBlockTimeline.framework; sourceTree = BUILT_PRODUCTS_DIR; };
/* End PBXFileReference section */

/* Begin PBXFrameworksBuildPhase section */
		9B2CB62C2691F4E4005E0C8A /* Frameworks */ = {
			isa = PBXFrameworksBuildPhase;
			buildActionMask = 2147483647;
			files = (
				CCBF6B45EF5D8665E6265631 /* Pods_ArcBlockTimeline.framework in Frameworks */,
			);
			runOnlyForDeploymentPostprocessing = 0;
		};
		9B2CB6422691F4E6005E0C8A /* Frameworks */ = {
			isa = PBXFrameworksBuildPhase;
			buildActionMask = 2147483647;
			files = (
			);
			runOnlyForDeploymentPostprocessing = 0;
		};
		9B2CB64D2691F4E6005E0C8A /* Frameworks */ = {
			isa = PBXFrameworksBuildPhase;
			buildActionMask = 2147483647;
			files = (
			);
			runOnlyForDeploymentPostprocessing = 0;
		};
/* End PBXFrameworksBuildPhase section */

/* Begin PBXGroup section */
		00C3F7F8D5513637DDEC5586 /* Frameworks */ = {
			isa = PBXGroup;
			children = (
				A9672D06BE1F0CA766006B5C /* Pods_ArcBlockTimeline.framework */,
			);
			name = Frameworks;
			sourceTree = "<group>";
		};
		9AA9B4707F38F13F84F60A35 /* Pods */ = {
			isa = PBXGroup;
			children = (
				56C9029A75B35ED52E6F329A /* Pods-ArcBlockTimeline.debug.xcconfig */,
				640EB53C37C4EE4ABE559C9A /* Pods-ArcBlockTimeline.release.xcconfig */,
			);
			path = Pods;
			sourceTree = "<group>";
		};
		9B2CB6262691F4E4005E0C8A = {
			isa = PBXGroup;
			children = (
				9B2CB6312691F4E4005E0C8A /* ArcBlockTimeline */,
				9B2CB6482691F4E6005E0C8A /* ArcBlockTimelineTests */,
				9B2CB6532691F4E6005E0C8A /* ArcBlockTimelineUITests */,
				9B2CB6302691F4E4005E0C8A /* Products */,
				9AA9B4707F38F13F84F60A35 /* Pods */,
				00C3F7F8D5513637DDEC5586 /* Frameworks */,
			);
			sourceTree = "<group>";
		};
		9B2CB6302691F4E4005E0C8A /* Products */ = {
			isa = PBXGroup;
			children = (
				9B2CB62F2691F4E4005E0C8A /* ArcBlockTimeline.app */,
				9B2CB6452691F4E6005E0C8A /* ArcBlockTimelineTests.xctest */,
				9B2CB6502691F4E6005E0C8A /* ArcBlockTimelineUITests.xctest */,
			);
			name = Products;
			sourceTree = "<group>";
		};
		9B2CB6312691F4E4005E0C8A /* ArcBlockTimeline */ = {
			isa = PBXGroup;
			children = (
				9B2CB6832692B113005E0C8A /* Common */,
				9B2CB6792692A40F005E0C8A /* Extension */,
				9B2CB6742692A40F005E0C8A /* Module */,
				9B2CB6722692A40F005E0C8A /* Resource */,
				9B2CB6782692A40F005E0C8A /* Services */,
				9B2CB6732692A40F005E0C8A /* Utils */,
				9B2CB6322691F4E4005E0C8A /* AppDelegate.swift */,
				9B2CB6342691F4E4005E0C8A /* SceneDelegate.swift */,
				9B2CB6362691F4E4005E0C8A /* ViewController.swift */,
				9B2CB6382691F4E4005E0C8A /* Main.storyboard */,
				9B2CB63B2691F4E5005E0C8A /* Assets.xcassets */,
				9B2CB63D2691F4E5005E0C8A /* LaunchScreen.storyboard */,
				9B2CB6402691F4E5005E0C8A /* Info.plist */,
			);
			path = ArcBlockTimeline;
			sourceTree = "<group>";
		};
		9B2CB6482691F4E6005E0C8A /* ArcBlockTimelineTests */ = {
			isa = PBXGroup;
			children = (
				9B2CB6492691F4E6005E0C8A /* ArcBlockTimelineTests.swift */,
				9B2CB64B2691F4E6005E0C8A /* Info.plist */,
			);
			path = ArcBlockTimelineTests;
			sourceTree = "<group>";
		};
		9B2CB6532691F4E6005E0C8A /* ArcBlockTimelineUITests */ = {
			isa = PBXGroup;
			children = (
				9B2CB6542691F4E6005E0C8A /* ArcBlockTimelineUITests.swift */,
				9B2CB6562691F4E6005E0C8A /* Info.plist */,
			);
			path = ArcBlockTimelineUITests;
			sourceTree = "<group>";
		};
		9B2CB6722692A40F005E0C8A /* Resource */ = {
			isa = PBXGroup;
			children = (
				9B2CB67A2692A4FF005E0C8A /* JsonData.json */,
			);
			path = Resource;
			sourceTree = "<group>";
		};
		9B2CB6732692A40F005E0C8A /* Utils */ = {
			isa = PBXGroup;
			children = (
			);
			path = Utils;
			sourceTree = "<group>";
		};
		9B2CB6742692A40F005E0C8A /* Module */ = {
			isa = PBXGroup;
			children = (
				9B2CB6862692B136005E0C8A /* Detail */,
				9B2CB68C2692B136005E0C8A /* Home */,
			);
			path = Module;
			sourceTree = "<group>";
		};
		9B2CB6782692A40F005E0C8A /* Services */ = {
			isa = PBXGroup;
			children = (
				9B2CB67C2692A806005E0C8A /* ABConvertJSON.swift */,
			);
			path = Services;
			sourceTree = "<group>";
		};
		9B2CB6792692A40F005E0C8A /* Extension */ = {
			isa = PBXGroup;
			children = (
			);
			path = Extension;
			sourceTree = "<group>";
		};
		9B2CB6832692B113005E0C8A /* Common */ = {
			isa = PBXGroup;
			children = (
				9B2CB6842692B113005E0C8A /* BaseModel.swift */,
			);
			path = Common;
			sourceTree = "<group>";
		};
		9B2CB6862692B136005E0C8A /* Detail */ = {
			isa = PBXGroup;
			children = (
				9B2CB6882692B136005E0C8A /* Controller */,
				9B2CB6892692B136005E0C8A /* Model */,
				9B2CB68B2692B136005E0C8A /* View */,
				9B2CB6942692B1D4005E0C8A /* ViewModel */,
			);
			path = Detail;
			sourceTree = "<group>";
		};
		9B2CB6882692B136005E0C8A /* Controller */ = {
			isa = PBXGroup;
			children = (
			);
			path = Controller;
			sourceTree = "<group>";
		};
		9B2CB6892692B136005E0C8A /* Model */ = {
			isa = PBXGroup;
			children = (
			);
			path = Model;
			sourceTree = "<group>";
		};
		9B2CB68B2692B136005E0C8A /* View */ = {
			isa = PBXGroup;
			children = (
			);
			path = View;
			sourceTree = "<group>";
		};
		9B2CB68C2692B136005E0C8A /* Home */ = {
			isa = PBXGroup;
			children = (
				9B2CB68E2692B136005E0C8A /* Controller */,
				9B2CB68F2692B136005E0C8A /* Model */,
				9B2CB6912692B136005E0C8A /* View */,
				9B2CB68D2692B136005E0C8A /* ViewModel */,
			);
			path = Home;
			sourceTree = "<group>";
		};
		9B2CB68D2692B136005E0C8A /* ViewModel */ = {
			isa = PBXGroup;
			children = (
			);
			path = ViewModel;
			sourceTree = "<group>";
		};
		9B2CB68E2692B136005E0C8A /* Controller */ = {
			isa = PBXGroup;
			children = (
			);
			path = Controller;
			sourceTree = "<group>";
		};
		9B2CB68F2692B136005E0C8A /* Model */ = {
			isa = PBXGroup;
			children = (
				9B2CB6902692B136005E0C8A /* ABHomeModel.swift */,
			);
			path = Model;
			sourceTree = "<group>";
		};
		9B2CB6912692B136005E0C8A /* View */ = {
			isa = PBXGroup;
			children = (
			);
			path = View;
			sourceTree = "<group>";
		};
		9B2CB6942692B1D4005E0C8A /* ViewModel */ = {
			isa = PBXGroup;
			children = (
			);
			path = ViewModel;
			sourceTree = "<group>";
		};
/* End PBXGroup section */

/* Begin PBXNativeTarget section */
		9B2CB62E2691F4E4005E0C8A /* ArcBlockTimeline */ = {
			isa = PBXNativeTarget;
			buildConfigurationList = 9B2CB6592691F4E6005E0C8A /* Build configuration list for PBXNativeTarget "ArcBlockTimeline" */;
			buildPhases = (
				0662650203895776E37C079C /* [CP] Check Pods Manifest.lock */,
				9B2CB62B2691F4E4005E0C8A /* Sources */,
				9B2CB62C2691F4E4005E0C8A /* Frameworks */,
				9B2CB62D2691F4E4005E0C8A /* Resources */,
				7AA0DC6F71589D901ED7C8D9 /* [CP] Embed Pods Frameworks */,
			);
			buildRules = (
			);
			dependencies = (
			);
			name = ArcBlockTimeline;
			productName = ArcBlockTimeline;
			productReference = 9B2CB62F2691F4E4005E0C8A /* ArcBlockTimeline.app */;
			productType = "com.apple.product-type.application";
		};
		9B2CB6442691F4E6005E0C8A /* ArcBlockTimelineTests */ = {
			isa = PBXNativeTarget;
			buildConfigurationList = 9B2CB65C2691F4E6005E0C8A /* Build configuration list for PBXNativeTarget "ArcBlockTimelineTests" */;
			buildPhases = (
				9B2CB6412691F4E6005E0C8A /* Sources */,
				9B2CB6422691F4E6005E0C8A /* Frameworks */,
				9B2CB6432691F4E6005E0C8A /* Resources */,
			);
			buildRules = (
			);
			dependencies = (
				9B2CB6472691F4E6005E0C8A /* PBXTargetDependency */,
			);
			name = ArcBlockTimelineTests;
			productName = ArcBlockTimelineTests;
			productReference = 9B2CB6452691F4E6005E0C8A /* ArcBlockTimelineTests.xctest */;
			productType = "com.apple.product-type.bundle.unit-test";
		};
		9B2CB64F2691F4E6005E0C8A /* ArcBlockTimelineUITests */ = {
			isa = PBXNativeTarget;
			buildConfigurationList = 9B2CB65F2691F4E6005E0C8A /* Build configuration list for PBXNativeTarget "ArcBlockTimelineUITests" */;
			buildPhases = (
				9B2CB64C2691F4E6005E0C8A /* Sources */,
				9B2CB64D2691F4E6005E0C8A /* Frameworks */,
				9B2CB64E2691F4E6005E0C8A /* Resources */,
			);
			buildRules = (
			);
			dependencies = (
				9B2CB6522691F4E6005E0C8A /* PBXTargetDependency */,
			);
			name = ArcBlockTimelineUITests;
			productName = ArcBlockTimelineUITests;
			productReference = 9B2CB6502691F4E6005E0C8A /* ArcBlockTimelineUITests.xctest */;
			productType = "com.apple.product-type.bundle.ui-testing";
		};
/* End PBXNativeTarget section */

/* Begin PBXProject section */
		9B2CB6272691F4E4005E0C8A /* Project object */ = {
			isa = PBXProject;
			attributes = {
				CLASSPREFIX = AB;
				LastSwiftUpdateCheck = 1250;
				LastUpgradeCheck = 1250;
				ORGANIZATIONNAME = com.arc.block;
				TargetAttributes = {
					9B2CB62E2691F4E4005E0C8A = {
						CreatedOnToolsVersion = 12.5.1;
					};
					9B2CB6442691F4E6005E0C8A = {
						CreatedOnToolsVersion = 12.5.1;
						TestTargetID = 9B2CB62E2691F4E4005E0C8A;
					};
					9B2CB64F2691F4E6005E0C8A = {
						CreatedOnToolsVersion = 12.5.1;
						TestTargetID = 9B2CB62E2691F4E4005E0C8A;
					};
				};
			};
			buildConfigurationList = 9B2CB62A2691F4E4005E0C8A /* Build configuration list for PBXProject "ArcBlockTimeline" */;
			compatibilityVersion = "Xcode 9.3";
			developmentRegion = en;
			hasScannedForEncodings = 0;
			knownRegions = (
				en,
				Base,
			);
			mainGroup = 9B2CB6262691F4E4005E0C8A;
			productRefGroup = 9B2CB6302691F4E4005E0C8A /* Products */;
			projectDirPath = "";
			projectRoot = "";
			targets = (
				9B2CB62E2691F4E4005E0C8A /* ArcBlockTimeline */,
				9B2CB6442691F4E6005E0C8A /* ArcBlockTimelineTests */,
				9B2CB64F2691F4E6005E0C8A /* ArcBlockTimelineUITests */,
			);
		};
/* End PBXProject section */

/* Begin PBXResourcesBuildPhase section */
		9B2CB62D2691F4E4005E0C8A /* Resources */ = {
			isa = PBXResourcesBuildPhase;
			buildActionMask = 2147483647;
			files = (
				9B2CB63F2691F4E5005E0C8A /* LaunchScreen.storyboard in Resources */,
				9B2CB67B2692A4FF005E0C8A /* JsonData.json in Resources */,
				9B2CB63C2691F4E5005E0C8A /* Assets.xcassets in Resources */,
				9B2CB63A2691F4E4005E0C8A /* Main.storyboard in Resources */,
			);
			runOnlyForDeploymentPostprocessing = 0;
		};
		9B2CB6432691F4E6005E0C8A /* Resources */ = {
			isa = PBXResourcesBuildPhase;
			buildActionMask = 2147483647;
			files = (
			);
			runOnlyForDeploymentPostprocessing = 0;
		};
		9B2CB64E2691F4E6005E0C8A /* Resources */ = {
			isa = PBXResourcesBuildPhase;
			buildActionMask = 2147483647;
			files = (
			);
			runOnlyForDeploymentPostprocessing = 0;
		};
/* End PBXResourcesBuildPhase section */

/* Begin PBXShellScriptBuildPhase section */
		0662650203895776E37C079C /* [CP] Check Pods Manifest.lock */ = {
			isa = PBXShellScriptBuildPhase;
			buildActionMask = 2147483647;
			files = (
			);
			inputFileListPaths = (
			);
			inputPaths = (
				"${PODS_PODFILE_DIR_PATH}/Podfile.lock",
				"${PODS_ROOT}/Manifest.lock",
			);
			name = "[CP] Check Pods Manifest.lock";
			outputFileListPaths = (
			);
			outputPaths = (
				"$(DERIVED_FILE_DIR)/Pods-ArcBlockTimeline-checkManifestLockResult.txt",
			);
			runOnlyForDeploymentPostprocessing = 0;
			shellPath = /bin/sh;
			shellScript = "diff \"${PODS_PODFILE_DIR_PATH}/Podfile.lock\" \"${PODS_ROOT}/Manifest.lock\" > /dev/null\nif [ $? != 0 ] ; then\n    # print error to STDERR\n    echo \"error: The sandbox is not in sync with the Podfile.lock. Run 'pod install' or update your CocoaPods installation.\" >&2\n    exit 1\nfi\n# This output is used by Xcode 'outputs' to avoid re-running this script phase.\necho \"SUCCESS\" > \"${SCRIPT_OUTPUT_FILE_0}\"\n";
			showEnvVarsInLog = 0;
		};
		7AA0DC6F71589D901ED7C8D9 /* [CP] Embed Pods Frameworks */ = {
			isa = PBXShellScriptBuildPhase;
			buildActionMask = 2147483647;
			files = (
			);
			inputFileListPaths = (
				"${PODS_ROOT}/Target Support Files/Pods-ArcBlockTimeline/Pods-ArcBlockTimeline-frameworks-${CONFIGURATION}-input-files.xcfilelist",
			);
			name = "[CP] Embed Pods Frameworks";
			outputFileListPaths = (
				"${PODS_ROOT}/Target Support Files/Pods-ArcBlockTimeline/Pods-ArcBlockTimeline-frameworks-${CONFIGURATION}-output-files.xcfilelist",
			);
			runOnlyForDeploymentPostprocessing = 0;
			shellPath = /bin/sh;
			shellScript = "\"${PODS_ROOT}/Target Support Files/Pods-ArcBlockTimeline/Pods-ArcBlockTimeline-frameworks.sh\"\n";
			showEnvVarsInLog = 0;
		};
/* End PBXShellScriptBuildPhase section */

/* Begin PBXSourcesBuildPhase section */
		9B2CB62B2691F4E4005E0C8A /* Sources */ = {
			isa = PBXSourcesBuildPhase;
			buildActionMask = 2147483647;
			files = (
				9B2CB67D2692A806005E0C8A /* ABConvertJSON.swift in Sources */,
				9B2CB6372691F4E4005E0C8A /* ViewController.swift in Sources */,
				9B2CB6332691F4E4005E0C8A /* AppDelegate.swift in Sources */,
				9B2CB6352691F4E4005E0C8A /* SceneDelegate.swift in Sources */,
				9B2CB6852692B113005E0C8A /* BaseModel.swift in Sources */,
				9B2CB6932692B136005E0C8A /* ABHomeModel.swift in Sources */,
			);
			runOnlyForDeploymentPostprocessing = 0;
		};
		9B2CB6412691F4E6005E0C8A /* Sources */ = {
			isa = PBXSourcesBuildPhase;
			buildActionMask = 2147483647;
			files = (
				9B2CB64A2691F4E6005E0C8A /* ArcBlockTimelineTests.swift in Sources */,
			);
			runOnlyForDeploymentPostprocessing = 0;
		};
		9B2CB64C2691F4E6005E0C8A /* Sources */ = {
			isa = PBXSourcesBuildPhase;
			buildActionMask = 2147483647;
			files = (
				9B2CB6552691F4E6005E0C8A /* ArcBlockTimelineUITests.swift in Sources */,
			);
			runOnlyForDeploymentPostprocessing = 0;
		};
/* End PBXSourcesBuildPhase section */

/* Begin PBXTargetDependency section */
		9B2CB6472691F4E6005E0C8A /* PBXTargetDependency */ = {
			isa = PBXTargetDependency;
			target = 9B2CB62E2691F4E4005E0C8A /* ArcBlockTimeline */;
			targetProxy = 9B2CB6462691F4E6005E0C8A /* PBXContainerItemProxy */;
		};
		9B2CB6522691F4E6005E0C8A /* PBXTargetDependency */ = {
			isa = PBXTargetDependency;
			target = 9B2CB62E2691F4E4005E0C8A /* ArcBlockTimeline */;
			targetProxy = 9B2CB6512691F4E6005E0C8A /* PBXContainerItemProxy */;
		};
/* End PBXTargetDependency section */

/* Begin PBXVariantGroup section */
		9B2CB6382691F4E4005E0C8A /* Main.storyboard */ = {
			isa = PBXVariantGroup;
			children = (
				9B2CB6392691F4E4005E0C8A /* Base */,
			);
			name = Main.storyboard;
			sourceTree = "<group>";
		};
		9B2CB63D2691F4E5005E0C8A /* LaunchScreen.storyboard */ = {
			isa = PBXVariantGroup;
			children = (
				9B2CB63E2691F4E5005E0C8A /* Base */,
			);
			name = LaunchScreen.storyboard;
			sourceTree = "<group>";
		};
/* End PBXVariantGroup section */

/* Begin XCBuildConfiguration section */
		9B2CB6572691F4E6005E0C8A /* Debug */ = {
			isa = XCBuildConfiguration;
			buildSettings = {
				ALWAYS_SEARCH_USER_PATHS = NO;
				CLANG_ANALYZER_NONNULL = YES;
				CLANG_ANALYZER_NUMBER_OBJECT_CONVERSION = YES_AGGRESSIVE;
				CLANG_CXX_LANGUAGE_STANDARD = "gnu++14";
				CLANG_CXX_LIBRARY = "libc++";
				CLANG_ENABLE_MODULES = YES;
				CLANG_ENABLE_OBJC_ARC = YES;
				CLANG_ENABLE_OBJC_WEAK = YES;
				CLANG_WARN_BLOCK_CAPTURE_AUTORELEASING = YES;
				CLANG_WARN_BOOL_CONVERSION = YES;
				CLANG_WARN_COMMA = YES;
				CLANG_WARN_CONSTANT_CONVERSION = YES;
				CLANG_WARN_DEPRECATED_OBJC_IMPLEMENTATIONS = YES;
				CLANG_WARN_DIRECT_OBJC_ISA_USAGE = YES_ERROR;
				CLANG_WARN_DOCUMENTATION_COMMENTS = YES;
				CLANG_WARN_EMPTY_BODY = YES;
				CLANG_WARN_ENUM_CONVERSION = YES;
				CLANG_WARN_INFINITE_RECURSION = YES;
				CLANG_WARN_INT_CONVERSION = YES;
				CLANG_WARN_NON_LITERAL_NULL_CONVERSION = YES;
				CLANG_WARN_OBJC_IMPLICIT_RETAIN_SELF = YES;
				CLANG_WARN_OBJC_LITERAL_CONVERSION = YES;
				CLANG_WARN_OBJC_ROOT_CLASS = YES_ERROR;
				CLANG_WARN_QUOTED_INCLUDE_IN_FRAMEWORK_HEADER = YES;
				CLANG_WARN_RANGE_LOOP_ANALYSIS = YES;
				CLANG_WARN_STRICT_PROTOTYPES = YES;
				CLANG_WARN_SUSPICIOUS_MOVE = YES;
				CLANG_WARN_UNGUARDED_AVAILABILITY = YES_AGGRESSIVE;
				CLANG_WARN_UNREACHABLE_CODE = YES;
				CLANG_WARN__DUPLICATE_METHOD_MATCH = YES;
				COPY_PHASE_STRIP = NO;
				DEBUG_INFORMATION_FORMAT = dwarf;
				ENABLE_STRICT_OBJC_MSGSEND = YES;
				ENABLE_TESTABILITY = YES;
				GCC_C_LANGUAGE_STANDARD = gnu11;
				GCC_DYNAMIC_NO_PIC = NO;
				GCC_NO_COMMON_BLOCKS = YES;
				GCC_OPTIMIZATION_LEVEL = 0;
				GCC_PREPROCESSOR_DEFINITIONS = (
					"DEBUG=1",
					"$(inherited)",
				);
				GCC_WARN_64_TO_32_BIT_CONVERSION = YES;
				GCC_WARN_ABOUT_RETURN_TYPE = YES_ERROR;
				GCC_WARN_UNDECLARED_SELECTOR = YES;
				GCC_WARN_UNINITIALIZED_AUTOS = YES_AGGRESSIVE;
				GCC_WARN_UNUSED_FUNCTION = YES;
				GCC_WARN_UNUSED_VARIABLE = YES;
				IPHONEOS_DEPLOYMENT_TARGET = 13.0;
				MTL_ENABLE_DEBUG_INFO = INCLUDE_SOURCE;
				MTL_FAST_MATH = YES;
				ONLY_ACTIVE_ARCH = YES;
				SDKROOT = iphoneos;
				SWIFT_ACTIVE_COMPILATION_CONDITIONS = DEBUG;
				SWIFT_OPTIMIZATION_LEVEL = "-Onone";
			};
			name = Debug;
		};
		9B2CB6582691F4E6005E0C8A /* Release */ = {
			isa = XCBuildConfiguration;
			buildSettings = {
				ALWAYS_SEARCH_USER_PATHS = NO;
				CLANG_ANALYZER_NONNULL = YES;
				CLANG_ANALYZER_NUMBER_OBJECT_CONVERSION = YES_AGGRESSIVE;
				CLANG_CXX_LANGUAGE_STANDARD = "gnu++14";
				CLANG_CXX_LIBRARY = "libc++";
				CLANG_ENABLE_MODULES = YES;
				CLANG_ENABLE_OBJC_ARC = YES;
				CLANG_ENABLE_OBJC_WEAK = YES;
				CLANG_WARN_BLOCK_CAPTURE_AUTORELEASING = YES;
				CLANG_WARN_BOOL_CONVERSION = YES;
				CLANG_WARN_COMMA = YES;
				CLANG_WARN_CONSTANT_CONVERSION = YES;
				CLANG_WARN_DEPRECATED_OBJC_IMPLEMENTATIONS = YES;
				CLANG_WARN_DIRECT_OBJC_ISA_USAGE = YES_ERROR;
				CLANG_WARN_DOCUMENTATION_COMMENTS = YES;
				CLANG_WARN_EMPTY_BODY = YES;
				CLANG_WARN_ENUM_CONVERSION = YES;
				CLANG_WARN_INFINITE_RECURSION = YES;
				CLANG_WARN_INT_CONVERSION = YES;
				CLANG_WARN_NON_LITERAL_NULL_CONVERSION = YES;
				CLANG_WARN_OBJC_IMPLICIT_RETAIN_SELF = YES;
				CLANG_WARN_OBJC_LITERAL_CONVERSION = YES;
				CLANG_WARN_OBJC_ROOT_CLASS = YES_ERROR;
				CLANG_WARN_QUOTED_INCLUDE_IN_FRAMEWORK_HEADER = YES;
				CLANG_WARN_RANGE_LOOP_ANALYSIS = YES;
				CLANG_WARN_STRICT_PROTOTYPES = YES;
				CLANG_WARN_SUSPICIOUS_MOVE = YES;
				CLANG_WARN_UNGUARDED_AVAILABILITY = YES_AGGRESSIVE;
				CLANG_WARN_UNREACHABLE_CODE = YES;
				CLANG_WARN__DUPLICATE_METHOD_MATCH = YES;
				COPY_PHASE_STRIP = NO;
				DEBUG_INFORMATION_FORMAT = "dwarf-with-dsym";
				ENABLE_NS_ASSERTIONS = NO;
				ENABLE_STRICT_OBJC_MSGSEND = YES;
				GCC_C_LANGUAGE_STANDARD = gnu11;
				GCC_NO_COMMON_BLOCKS = YES;
				GCC_WARN_64_TO_32_BIT_CONVERSION = YES;
				GCC_WARN_ABOUT_RETURN_TYPE = YES_ERROR;
				GCC_WARN_UNDECLARED_SELECTOR = YES;
				GCC_WARN_UNINITIALIZED_AUTOS = YES_AGGRESSIVE;
				GCC_WARN_UNUSED_FUNCTION = YES;
				GCC_WARN_UNUSED_VARIABLE = YES;
				IPHONEOS_DEPLOYMENT_TARGET = 13.0;
				MTL_ENABLE_DEBUG_INFO = NO;
				MTL_FAST_MATH = YES;
				SDKROOT = iphoneos;
				SWIFT_COMPILATION_MODE = wholemodule;
				SWIFT_OPTIMIZATION_LEVEL = "-O";
				VALIDATE_PRODUCT = YES;
			};
			name = Release;
		};
		9B2CB65A2691F4E6005E0C8A /* Debug */ = {
			isa = XCBuildConfiguration;
			baseConfigurationReference = 56C9029A75B35ED52E6F329A /* Pods-ArcBlockTimeline.debug.xcconfig */;
			buildSettings = {
				ASSETCATALOG_COMPILER_APPICON_NAME = AppIcon;
				ASSETCATALOG_COMPILER_GLOBAL_ACCENT_COLOR_NAME = AccentColor;
				CODE_SIGN_STYLE = Automatic;
				CURRENT_PROJECT_VERSION = 1000;
				INFOPLIST_FILE = ArcBlockTimeline/Info.plist;
				LD_RUNPATH_SEARCH_PATHS = (
					"$(inherited)",
					"@executable_path/Frameworks",
				);
				MARKETING_VERSION = 1.0.0;
				PRODUCT_BUNDLE_IDENTIFIER = com.arc.block.timeline;
				PRODUCT_NAME = "$(TARGET_NAME)";
				SWIFT_VERSION = 5.0;
				TARGETED_DEVICE_FAMILY = "1,2";
			};
			name = Debug;
		};
		9B2CB65B2691F4E6005E0C8A /* Release */ = {
			isa = XCBuildConfiguration;
			baseConfigurationReference = 640EB53C37C4EE4ABE559C9A /* Pods-ArcBlockTimeline.release.xcconfig */;
			buildSettings = {
				ASSETCATALOG_COMPILER_APPICON_NAME = AppIcon;
				ASSETCATALOG_COMPILER_GLOBAL_ACCENT_COLOR_NAME = AccentColor;
				CODE_SIGN_STYLE = Automatic;
				CURRENT_PROJECT_VERSION = 1000;
				INFOPLIST_FILE = ArcBlockTimeline/Info.plist;
				LD_RUNPATH_SEARCH_PATHS = (
					"$(inherited)",
					"@executable_path/Frameworks",
				);
				MARKETING_VERSION = 1.0.0;
				PRODUCT_BUNDLE_IDENTIFIER = com.arc.block.timeline;
				PRODUCT_NAME = "$(TARGET_NAME)";
				SWIFT_VERSION = 5.0;
				TARGETED_DEVICE_FAMILY = "1,2";
			};
			name = Release;
		};
		9B2CB65D2691F4E6005E0C8A /* Debug */ = {
			isa = XCBuildConfiguration;
			buildSettings = {
				ALWAYS_EMBED_SWIFT_STANDARD_LIBRARIES = YES;
				BUNDLE_LOADER = "$(TEST_HOST)";
				CODE_SIGN_STYLE = Automatic;
				INFOPLIST_FILE = ArcBlockTimelineTests/Info.plist;
				IPHONEOS_DEPLOYMENT_TARGET = 14.5;
				LD_RUNPATH_SEARCH_PATHS = (
					"$(inherited)",
					"@executable_path/Frameworks",
					"@loader_path/Frameworks",
				);
				PRODUCT_BUNDLE_IDENTIFIER = com.arc.block.ArcBlockTimelineTests;
				PRODUCT_NAME = "$(TARGET_NAME)";
				SWIFT_VERSION = 5.0;
				TARGETED_DEVICE_FAMILY = "1,2";
				TEST_HOST = "$(BUILT_PRODUCTS_DIR)/ArcBlockTimeline.app/ArcBlockTimeline";
			};
			name = Debug;
		};
		9B2CB65E2691F4E6005E0C8A /* Release */ = {
			isa = XCBuildConfiguration;
			buildSettings = {
				ALWAYS_EMBED_SWIFT_STANDARD_LIBRARIES = YES;
				BUNDLE_LOADER = "$(TEST_HOST)";
				CODE_SIGN_STYLE = Automatic;
				INFOPLIST_FILE = ArcBlockTimelineTests/Info.plist;
				IPHONEOS_DEPLOYMENT_TARGET = 14.5;
				LD_RUNPATH_SEARCH_PATHS = (
					"$(inherited)",
					"@executable_path/Frameworks",
					"@loader_path/Frameworks",
				);
				PRODUCT_BUNDLE_IDENTIFIER = com.arc.block.ArcBlockTimelineTests;
				PRODUCT_NAME = "$(TARGET_NAME)";
				SWIFT_VERSION = 5.0;
				TARGETED_DEVICE_FAMILY = "1,2";
				TEST_HOST = "$(BUILT_PRODUCTS_DIR)/ArcBlockTimeline.app/ArcBlockTimeline";
			};
			name = Release;
		};
		9B2CB6602691F4E6005E0C8A /* Debug */ = {
			isa = XCBuildConfiguration;
			buildSettings = {
				ALWAYS_EMBED_SWIFT_STANDARD_LIBRARIES = YES;
				CODE_SIGN_STYLE = Automatic;
				INFOPLIST_FILE = ArcBlockTimelineUITests/Info.plist;
				LD_RUNPATH_SEARCH_PATHS = (
					"$(inherited)",
					"@executable_path/Frameworks",
					"@loader_path/Frameworks",
				);
				PRODUCT_BUNDLE_IDENTIFIER = com.arc.block.ArcBlockTimelineUITests;
				PRODUCT_NAME = "$(TARGET_NAME)";
				SWIFT_VERSION = 5.0;
				TARGETED_DEVICE_FAMILY = "1,2";
				TEST_TARGET_NAME = ArcBlockTimeline;
			};
			name = Debug;
		};
		9B2CB6612691F4E6005E0C8A /* Release */ = {
			isa = XCBuildConfiguration;
			buildSettings = {
				ALWAYS_EMBED_SWIFT_STANDARD_LIBRARIES = YES;
				CODE_SIGN_STYLE = Automatic;
				INFOPLIST_FILE = ArcBlockTimelineUITests/Info.plist;
				LD_RUNPATH_SEARCH_PATHS = (
					"$(inherited)",
					"@executable_path/Frameworks",
					"@loader_path/Frameworks",
				);
				PRODUCT_BUNDLE_IDENTIFIER = com.arc.block.ArcBlockTimelineUITests;
				PRODUCT_NAME = "$(TARGET_NAME)";
				SWIFT_VERSION = 5.0;
				TARGETED_DEVICE_FAMILY = "1,2";
				TEST_TARGET_NAME = ArcBlockTimeline;
			};
			name = Release;
		};
/* End XCBuildConfiguration section */

/* Begin XCConfigurationList section */
		9B2CB62A2691F4E4005E0C8A /* Build configuration list for PBXProject "ArcBlockTimeline" */ = {
			isa = XCConfigurationList;
			buildConfigurations = (
				9B2CB6572691F4E6005E0C8A /* Debug */,
				9B2CB6582691F4E6005E0C8A /* Release */,
			);
			defaultConfigurationIsVisible = 0;
			defaultConfigurationName = Release;
		};
		9B2CB6592691F4E6005E0C8A /* Build configuration list for PBXNativeTarget "ArcBlockTimeline" */ = {
			isa = XCConfigurationList;
			buildConfigurations = (
				9B2CB65A2691F4E6005E0C8A /* Debug */,
				9B2CB65B2691F4E6005E0C8A /* Release */,
			);
			defaultConfigurationIsVisible = 0;
			defaultConfigurationName = Release;
		};
		9B2CB65C2691F4E6005E0C8A /* Build configuration list for PBXNativeTarget "ArcBlockTimelineTests" */ = {
			isa = XCConfigurationList;
			buildConfigurations = (
				9B2CB65D2691F4E6005E0C8A /* Debug */,
				9B2CB65E2691F4E6005E0C8A /* Release */,
			);
			defaultConfigurationIsVisible = 0;
			defaultConfigurationName = Release;
		};
		9B2CB65F2691F4E6005E0C8A /* Build configuration list for PBXNativeTarget "ArcBlockTimelineUITests" */ = {
			isa = XCConfigurationList;
			buildConfigurations = (
				9B2CB6602691F4E6005E0C8A /* Debug */,
				9B2CB6612691F4E6005E0C8A /* Release */,
			);
			defaultConfigurationIsVisible = 0;
			defaultConfigurationName = Release;
		};
/* End XCConfigurationList section */
	};
	rootObject = 9B2CB6272691F4E4005E0C8A /* Project object */;
}
